// !$*UTF8*$!
{
	archiveVersion = 1;
	classes = {
	};
	objectVersion = 46;
	objects = {

/* Begin PBXBuildFile section */
		3D97538B14F944D300C7338D /* UIKit.framework in Frameworks */ = {isa = PBXBuildFile; fileRef = 3D97538A14F944D300C7338D /* UIKit.framework */; };
		3D97538D14F944D300C7338D /* Foundation.framework in Frameworks */ = {isa = PBXBuildFile; fileRef = 3D97538C14F944D300C7338D /* Foundation.framework */; };
		3D97538F14F944D300C7338D /* CoreGraphics.framework in Frameworks */ = {isa = PBXBuildFile; fileRef = 3D97538E14F944D300C7338D /* CoreGraphics.framework */; };
		3D97539514F944D300C7338D /* InfoPlist.strings in Resources */ = {isa = PBXBuildFile; fileRef = 3D97539314F944D300C7338D /* InfoPlist.strings */; };
		3D97539714F944D300C7338D /* main.m in Sources */ = {isa = PBXBuildFile; fileRef = 3D97539614F944D300C7338D /* main.m */; };
		3D97539B14F944D300C7338D /* AppDelegate.m in Sources */ = {isa = PBXBuildFile; fileRef = 3D97539A14F944D300C7338D /* AppDelegate.m */; };
		3D97539E14F944D300C7338D /* MainStoryboard.storyboard in Resources */ = {isa = PBXBuildFile; fileRef = 3D97539C14F944D300C7338D /* MainStoryboard.storyboard */; };
		3D9753A114F944D300C7338D /* ViewController.m in Sources */ = {isa = PBXBuildFile; fileRef = 3D9753A014F944D300C7338D /* ViewController.m */; };
		3D9753A914F944D300C7338D /* SenTestingKit.framework in Frameworks */ = {isa = PBXBuildFile; fileRef = 3D9753A814F944D300C7338D /* SenTestingKit.framework */; };
		3D9753AA14F944D300C7338D /* UIKit.framework in Frameworks */ = {isa = PBXBuildFile; fileRef = 3D97538A14F944D300C7338D /* UIKit.framework */; };
		3D9753AB14F944D300C7338D /* Foundation.framework in Frameworks */ = {isa = PBXBuildFile; fileRef = 3D97538C14F944D300C7338D /* Foundation.framework */; };
		3D9753B314F944D300C7338D /* InfoPlist.strings in Resources */ = {isa = PBXBuildFile; fileRef = 3D9753B114F944D300C7338D /* InfoPlist.strings */; };
		3D9753B614F944D300C7338D /* AAMButtonsTests.m in Sources */ = {isa = PBXBuildFile; fileRef = 3D9753B514F944D300C7338D /* AAMButtonsTests.m */; };
		3D9753CA14F9451000C7338D /* AAMSlideLock.m in Sources */ = {isa = PBXBuildFile; fileRef = 3D9753C114F9451000C7338D /* AAMSlideLock.m */; };
		3D9753CB14F9451000C7338D /* SlideLock_background.png in Resources */ = {isa = PBXBuildFile; fileRef = 3D9753C414F9451000C7338D /* SlideLock_background.png */; };
		3D9753CC14F9451000C7338D /* SlideLock_background@2x.png in Resources */ = {isa = PBXBuildFile; fileRef = 3D9753C514F9451000C7338D /* SlideLock_background@2x.png */; };
		3D9753CD14F9451000C7338D /* SlideLock_thumb.png in Resources */ = {isa = PBXBuildFile; fileRef = 3D9753C614F9451000C7338D /* SlideLock_thumb.png */; };
		3D9753CE14F9451000C7338D /* SlideLock_thumb@2x.png in Resources */ = {isa = PBXBuildFile; fileRef = 3D9753C714F9451000C7338D /* SlideLock_thumb@2x.png */; };
		3D9753CF14F9451000C7338D /* SlideLock_track.png in Resources */ = {isa = PBXBuildFile; fileRef = 3D9753C814F9451000C7338D /* SlideLock_track.png */; };
		3D9753D014F9451000C7338D /* SlideLock_track@2x.png in Resources */ = {isa = PBXBuildFile; fileRef = 3D9753C914F9451000C7338D /* SlideLock_track@2x.png */; };
/* End PBXBuildFile section */

/* Begin PBXContainerItemProxy section */
		3D9753AC14F944D300C7338D /* PBXContainerItemProxy */ = {
			isa = PBXContainerItemProxy;
			containerPortal = 3D97537D14F944D200C7338D /* Project object */;
			proxyType = 1;
			remoteGlobalIDString = 3D97538514F944D300C7338D;
			remoteInfo = AAMButtons;
		};
/* End PBXContainerItemProxy section */

/* Begin PBXFileReference section */
		3D97538614F944D300C7338D /* AAMButtons.app */ = {isa = PBXFileReference; explicitFileType = wrapper.application; includeInIndex = 0; path = AAMButtons.app; sourceTree = BUILT_PRODUCTS_DIR; };
		3D97538A14F944D300C7338D /* UIKit.framework */ = {isa = PBXFileReference; lastKnownFileType = wrapper.framework; name = UIKit.framework; path = System/Library/Frameworks/UIKit.framework; sourceTree = SDKROOT; };
		3D97538C14F944D300C7338D /* Foundation.framework */ = {isa = PBXFileReference; lastKnownFileType = wrapper.framework; name = Foundation.framework; path = System/Library/Frameworks/Foundation.framework; sourceTree = SDKROOT; };
		3D97538E14F944D300C7338D /* CoreGraphics.framework */ = {isa = PBXFileReference; lastKnownFileType = wrapper.framework; name = CoreGraphics.framework; path = System/Library/Frameworks/CoreGraphics.framework; sourceTree = SDKROOT; };
		3D97539214F944D300C7338D /* AAMButtons-Info.plist */ = {isa = PBXFileReference; lastKnownFileType = text.plist.xml; path = "AAMButtons-Info.plist"; sourceTree = "<group>"; };
		3D97539414F944D300C7338D /* en */ = {isa = PBXFileReference; lastKnownFileType = text.plist.strings; name = en; path = en.lproj/InfoPlist.strings; sourceTree = "<group>"; };
		3D97539614F944D300C7338D /* main.m */ = {isa = PBXFileReference; lastKnownFileType = sourcecode.c.objc; path = main.m; sourceTree = "<group>"; };
		3D97539814F944D300C7338D /* AAMButtons-Prefix.pch */ = {isa = PBXFileReference; lastKnownFileType = sourcecode.c.h; path = "AAMButtons-Prefix.pch"; sourceTree = "<group>"; };
		3D97539914F944D300C7338D /* AppDelegate.h */ = {isa = PBXFileReference; lastKnownFileType = sourcecode.c.h; path = AppDelegate.h; sourceTree = "<group>"; };
		3D97539A14F944D300C7338D /* AppDelegate.m */ = {isa = PBXFileReference; lastKnownFileType = sourcecode.c.objc; path = AppDelegate.m; sourceTree = "<group>"; };
		3D97539D14F944D300C7338D /* en */ = {isa = PBXFileReference; lastKnownFileType = file.storyboard; name = en; path = en.lproj/MainStoryboard.storyboard; sourceTree = "<group>"; };
		3D97539F14F944D300C7338D /* ViewController.h */ = {isa = PBXFileReference; lastKnownFileType = sourcecode.c.h; path = ViewController.h; sourceTree = "<group>"; };
		3D9753A014F944D300C7338D /* ViewController.m */ = {isa = PBXFileReference; lastKnownFileType = sourcecode.c.objc; path = ViewController.m; sourceTree = "<group>"; };
		3D9753A714F944D300C7338D /* AAMButtonsTests.octest */ = {isa = PBXFileReference; explicitFileType = wrapper.cfbundle; includeInIndex = 0; path = AAMButtonsTests.octest; sourceTree = BUILT_PRODUCTS_DIR; };
		3D9753A814F944D300C7338D /* SenTestingKit.framework */ = {isa = PBXFileReference; lastKnownFileType = wrapper.framework; name = SenTestingKit.framework; path = Library/Frameworks/SenTestingKit.framework; sourceTree = DEVELOPER_DIR; };
		3D9753B014F944D300C7338D /* AAMButtonsTests-Info.plist */ = {isa = PBXFileReference; lastKnownFileType = text.plist.xml; path = "AAMButtonsTests-Info.plist"; sourceTree = "<group>"; };
		3D9753B214F944D300C7338D /* en */ = {isa = PBXFileReference; lastKnownFileType = text.plist.strings; name = en; path = en.lproj/InfoPlist.strings; sourceTree = "<group>"; };
		3D9753B414F944D300C7338D /* AAMButtonsTests.h */ = {isa = PBXFileReference; lastKnownFileType = sourcecode.c.h; path = AAMButtonsTests.h; sourceTree = "<group>"; };
		3D9753B514F944D300C7338D /* AAMButtonsTests.m */ = {isa = PBXFileReference; lastKnownFileType = sourcecode.c.objc; path = AAMButtonsTests.m; sourceTree = "<group>"; };
		3D9753C014F9451000C7338D /* AAMSlideLock.h */ = {isa = PBXFileReference; fileEncoding = 4; lastKnownFileType = sourcecode.c.h; path = AAMSlideLock.h; sourceTree = "<group>"; };
		3D9753C114F9451000C7338D /* AAMSlideLock.m */ = {isa = PBXFileReference; fileEncoding = 4; lastKnownFileType = sourcecode.c.objc; path = AAMSlideLock.m; sourceTree = "<group>"; };
		3D9753C414F9451000C7338D /* SlideLock_background.png */ = {isa = PBXFileReference; lastKnownFileType = image.png; path = SlideLock_background.png; sourceTree = "<group>"; };
		3D9753C514F9451000C7338D /* SlideLock_background@2x.png */ = {isa = PBXFileReference; lastKnownFileType = image.png; path = "SlideLock_background@2x.png"; sourceTree = "<group>"; };
		3D9753C614F9451000C7338D /* SlideLock_thumb.png */ = {isa = PBXFileReference; lastKnownFileType = image.png; path = SlideLock_thumb.png; sourceTree = "<group>"; };
		3D9753C714F9451000C7338D /* SlideLock_thumb@2x.png */ = {isa = PBXFileReference; lastKnownFileType = image.png; path = "SlideLock_thumb@2x.png"; sourceTree = "<group>"; };
		3D9753C814F9451000C7338D /* SlideLock_track.png */ = {isa = PBXFileReference; lastKnownFileType = image.png; path = SlideLock_track.png; sourceTree = "<group>"; };
		3D9753C914F9451000C7338D /* SlideLock_track@2x.png */ = {isa = PBXFileReference; lastKnownFileType = image.png; path = "SlideLock_track@2x.png"; sourceTree = "<group>"; };
/* End PBXFileReference section */

/* Begin PBXFrameworksBuildPhase section */
		3D97538314F944D300C7338D /* Frameworks */ = {
			isa = PBXFrameworksBuildPhase;
			buildActionMask = 2147483647;
			files = (
				3D97538B14F944D300C7338D /* UIKit.framework in Frameworks */,
				3D97538D14F944D300C7338D /* Foundation.framework in Frameworks */,
				3D97538F14F944D300C7338D /* CoreGraphics.framework in Frameworks */,
			);
			runOnlyForDeploymentPostprocessing = 0;
		};
		3D9753A314F944D300C7338D /* Frameworks */ = {
			isa = PBXFrameworksBuildPhase;
			buildActionMask = 2147483647;
			files = (
				3D9753A914F944D300C7338D /* SenTestingKit.framework in Frameworks */,
				3D9753AA14F944D300C7338D /* UIKit.framework in Frameworks */,
				3D9753AB14F944D300C7338D /* Foundation.framework in Frameworks */,
			);
			runOnlyForDeploymentPostprocessing = 0;
		};
/* End PBXFrameworksBuildPhase section */

/* Begin PBXGroup section */
		3D97537B14F944D200C7338D = {
			isa = PBXGroup;
			children = (
				3D97539014F944D300C7338D /* AAMButtons */,
				3D9753AE14F944D300C7338D /* AAMButtonsTests */,
				3D97538914F944D300C7338D /* Frameworks */,
				3D97538714F944D300C7338D /* Products */,
			);
			sourceTree = "<group>";
		};
		3D97538714F944D300C7338D /* Products */ = {
			isa = PBXGroup;
			children = (
				3D97538614F944D300C7338D /* AAMButtons.app */,
				3D9753A714F944D300C7338D /* AAMButtonsTests.octest */,
			);
			name = Products;
			sourceTree = "<group>";
		};
		3D97538914F944D300C7338D /* Frameworks */ = {
			isa = PBXGroup;
			children = (
				3D97538A14F944D300C7338D /* UIKit.framework */,
				3D97538C14F944D300C7338D /* Foundation.framework */,
				3D97538E14F944D300C7338D /* CoreGraphics.framework */,
				3D9753A814F944D300C7338D /* SenTestingKit.framework */,
			);
			name = Frameworks;
			sourceTree = "<group>";
		};
		3D97539014F944D300C7338D /* AAMButtons */ = {
			isa = PBXGroup;
			children = (
				3D9753BF14F9451000C7338D /* classes */,
				3D97539914F944D300C7338D /* AppDelegate.h */,
				3D97539A14F944D300C7338D /* AppDelegate.m */,
				3D97539C14F944D300C7338D /* MainStoryboard.storyboard */,
				3D97539F14F944D300C7338D /* ViewController.h */,
				3D9753A014F944D300C7338D /* ViewController.m */,
				3D9753C214F9451000C7338D /* resources */,
				3D97539114F944D300C7338D /* Supporting Files */,
			);
			path = AAMButtons;
			sourceTree = "<group>";
		};
		3D97539114F944D300C7338D /* Supporting Files */ = {
			isa = PBXGroup;
			children = (
				3D97539214F944D300C7338D /* AAMButtons-Info.plist */,
				3D97539314F944D300C7338D /* InfoPlist.strings */,
				3D97539614F944D300C7338D /* main.m */,
				3D97539814F944D300C7338D /* AAMButtons-Prefix.pch */,
			);
			name = "Supporting Files";
			sourceTree = "<group>";
		};
		3D9753AE14F944D300C7338D /* AAMButtonsTests */ = {
			isa = PBXGroup;
			children = (
				3D9753B414F944D300C7338D /* AAMButtonsTests.h */,
				3D9753B514F944D300C7338D /* AAMButtonsTests.m */,
				3D9753AF14F944D300C7338D /* Supporting Files */,
			);
			path = AAMButtonsTests;
			sourceTree = "<group>";
		};
		3D9753AF14F944D300C7338D /* Supporting Files */ = {
			isa = PBXGroup;
			children = (
				3D9753B014F944D300C7338D /* AAMButtonsTests-Info.plist */,
				3D9753B114F944D300C7338D /* InfoPlist.strings */,
			);
			name = "Supporting Files";
			sourceTree = "<group>";
		};
		3D9753BF14F9451000C7338D /* classes */ = {
			isa = PBXGroup;
			children = (
				3D9753C014F9451000C7338D /* AAMSlideLock.h */,
				3D9753C114F9451000C7338D /* AAMSlideLock.m */,
			);
			path = classes;
			sourceTree = "<group>";
		};
		3D9753C214F9451000C7338D /* resources */ = {
			isa = PBXGroup;
			children = (
				3D9753C314F9451000C7338D /* SlideLock */,
			);
			path = resources;
			sourceTree = "<group>";
		};
		3D9753C314F9451000C7338D /* SlideLock */ = {
			isa = PBXGroup;
			children = (
				3D9753C414F9451000C7338D /* SlideLock_background.png */,
				3D9753C514F9451000C7338D /* SlideLock_background@2x.png */,
				3D9753C614F9451000C7338D /* SlideLock_thumb.png */,
				3D9753C714F9451000C7338D /* SlideLock_thumb@2x.png */,
				3D9753C814F9451000C7338D /* SlideLock_track.png */,
				3D9753C914F9451000C7338D /* SlideLock_track@2x.png */,
			);
			path = SlideLock;
			sourceTree = "<group>";
		};
/* End PBXGroup section */

/* Begin PBXNativeTarget section */
		3D97538514F944D300C7338D /* AAMButtons */ = {
			isa = PBXNativeTarget;
			buildConfigurationList = 3D9753B914F944D300C7338D /* Build configuration list for PBXNativeTarget "AAMButtons" */;
			buildPhases = (
				3D97538214F944D300C7338D /* Sources */,
				3D97538314F944D300C7338D /* Frameworks */,
				3D97538414F944D300C7338D /* Resources */,
			);
			buildRules = (
			);
			dependencies = (
			);
			name = AAMButtons;
			productName = AAMButtons;
			productReference = 3D97538614F944D300C7338D /* AAMButtons.app */;
			productType = "com.apple.product-type.application";
		};
		3D9753A614F944D300C7338D /* AAMButtonsTests */ = {
			isa = PBXNativeTarget;
			buildConfigurationList = 3D9753BC14F944D300C7338D /* Build configuration list for PBXNativeTarget "AAMButtonsTests" */;
			buildPhases = (
				3D9753A214F944D300C7338D /* Sources */,
				3D9753A314F944D300C7338D /* Frameworks */,
				3D9753A414F944D300C7338D /* Resources */,
				3D9753A514F944D300C7338D /* ShellScript */,
			);
			buildRules = (
			);
			dependencies = (
				3D9753AD14F944D300C7338D /* PBXTargetDependency */,
			);
			name = AAMButtonsTests;
			productName = AAMButtonsTests;
			productReference = 3D9753A714F944D300C7338D /* AAMButtonsTests.octest */;
			productType = "com.apple.product-type.bundle";
		};
/* End PBXNativeTarget section */

/* Begin PBXProject section */
		3D97537D14F944D200C7338D /* Project object */ = {
			isa = PBXProject;
			attributes = {
				LastUpgradeCheck = 0420;
				ORGANIZATIONNAME = "Art & Mobile";
			};
			buildConfigurationList = 3D97538014F944D200C7338D /* Build configuration list for PBXProject "AAMButtons" */;
			compatibilityVersion = "Xcode 3.2";
			developmentRegion = English;
			hasScannedForEncodings = 0;
			knownRegions = (
				en,
			);
			mainGroup = 3D97537B14F944D200C7338D;
			productRefGroup = 3D97538714F944D300C7338D /* Products */;
			projectDirPath = "";
			projectRoot = "";
			targets = (
				3D97538514F944D300C7338D /* AAMButtons */,
				3D9753A614F944D300C7338D /* AAMButtonsTests */,
			);
		};
/* End PBXProject section */

/* Begin PBXResourcesBuildPhase section */
		3D97538414F944D300C7338D /* Resources */ = {
			isa = PBXResourcesBuildPhase;
			buildActionMask = 2147483647;
			files = (
				3D97539514F944D300C7338D /* InfoPlist.strings in Resources */,
				3D97539E14F944D300C7338D /* MainStoryboard.storyboard in Resources */,
				3D9753CB14F9451000C7338D /* SlideLock_background.png in Resources */,
				3D9753CC14F9451000C7338D /* SlideLock_background@2x.png in Resources */,
				3D9753CD14F9451000C7338D /* SlideLock_thumb.png in Resources */,
				3D9753CE14F9451000C7338D /* SlideLock_thumb@2x.png in Resources */,
				3D9753CF14F9451000C7338D /* SlideLock_track.png in Resources */,
				3D9753D014F9451000C7338D /* SlideLock_track@2x.png in Resources */,
			);
			runOnlyForDeploymentPostprocessing = 0;
		};
		3D9753A414F944D300C7338D /* Resources */ = {
			isa = PBXResourcesBuildPhase;
			buildActionMask = 2147483647;
			files = (
				3D9753B314F944D300C7338D /* InfoPlist.strings in Resources */,
			);
			runOnlyForDeploymentPostprocessing = 0;
		};
/* End PBXResourcesBuildPhase section */

/* Begin PBXShellScriptBuildPhase section */
		3D9753A514F944D300C7338D /* ShellScript */ = {
			isa = PBXShellScriptBuildPhase;
			buildActionMask = 2147483647;
			files = (
			);
			inputPaths = (
			);
			outputPaths = (
			);
			runOnlyForDeploymentPostprocessing = 0;
			shellPath = /bin/sh;
			shellScript = "# Run the unit tests in this test bundle.\n\"${SYSTEM_DEVELOPER_DIR}/Tools/RunUnitTests\"\n";
		};
/* End PBXShellScriptBuildPhase section */

/* Begin PBXSourcesBuildPhase section */
		3D97538214F944D300C7338D /* Sources */ = {
			isa = PBXSourcesBuildPhase;
			buildActionMask = 2147483647;
			files = (
				3D97539714F944D300C7338D /* main.m in Sources */,
				3D97539B14F944D300C7338D /* AppDelegate.m in Sources */,
				3D9753A114F944D300C7338D /* ViewController.m in Sources */,
				3D9753CA14F9451000C7338D /* AAMSlideLock.m in Sources */,
			);
			runOnlyForDeploymentPostprocessing = 0;
		};
		3D9753A214F944D300C7338D /* Sources */ = {
			isa = PBXSourcesBuildPhase;
			buildActionMask = 2147483647;
			files = (
				3D9753B614F944D300C7338D /* AAMButtonsTests.m in Sources */,
			);
			runOnlyForDeploymentPostprocessing = 0;
		};
/* End PBXSourcesBuildPhase section */

/* Begin PBXTargetDependency section */
		3D9753AD14F944D300C7338D /* PBXTargetDependency */ = {
			isa = PBXTargetDependency;
			target = 3D97538514F944D300C7338D /* AAMButtons */;
			targetProxy = 3D9753AC14F944D300C7338D /* PBXContainerItemProxy */;
		};
/* End PBXTargetDependency section */

/* Begin PBXVariantGroup section */
		3D97539314F944D300C7338D /* InfoPlist.strings */ = {
			isa = PBXVariantGroup;
			children = (
				3D97539414F944D300C7338D /* en */,
			);
			name = InfoPlist.strings;
			sourceTree = "<group>";
		};
		3D97539C14F944D300C7338D /* MainStoryboard.storyboard */ = {
			isa = PBXVariantGroup;
			children = (
				3D97539D14F944D300C7338D /* en */,
			);
			name = MainStoryboard.storyboard;
			sourceTree = "<group>";
		};
		3D9753B114F944D300C7338D /* InfoPlist.strings */ = {
			isa = PBXVariantGroup;
			children = (
				3D9753B214F944D300C7338D /* en */,
			);
			name = InfoPlist.strings;
			sourceTree = "<group>";
		};
/* End PBXVariantGroup section */

/* Begin XCBuildConfiguration section */
		3D9753B714F944D300C7338D /* Debug */ = {
			isa = XCBuildConfiguration;
			buildSettings = {
				ALWAYS_SEARCH_USER_PATHS = NO;
				ARCHS = "$(ARCHS_STANDARD_32_BIT)";
				CLANG_ENABLE_OBJC_ARC = YES;
				"CODE_SIGN_IDENTITY[sdk=iphoneos*]" = "iPhone Developer";
				COPY_PHASE_STRIP = NO;
				GCC_C_LANGUAGE_STANDARD = gnu99;
				GCC_DYNAMIC_NO_PIC = NO;
				GCC_OPTIMIZATION_LEVEL = 0;
				GCC_PREPROCESSOR_DEFINITIONS = (
					"DEBUG=1",
					"$(inherited)",
				);
				GCC_SYMBOLS_PRIVATE_EXTERN = NO;
				GCC_VERSION = com.apple.compilers.llvm.clang.1_0;
				GCC_WARN_ABOUT_MISSING_PROTOTYPES = YES;
				GCC_WARN_ABOUT_RETURN_TYPE = YES;
				GCC_WARN_UNUSED_VARIABLE = YES;
				IPHONEOS_DEPLOYMENT_TARGET = 5.0;
				SDKROOT = iphoneos;
			};
			name = Debug;
		};
		3D9753B814F944D300C7338D /* Release */ = {
			isa = XCBuildConfiguration;
			buildSettings = {
				ALWAYS_SEARCH_USER_PATHS = NO;
				ARCHS = "$(ARCHS_STANDARD_32_BIT)";
				CLANG_ENABLE_OBJC_ARC = YES;
				"CODE_SIGN_IDENTITY[sdk=iphoneos*]" = "iPhone Developer";
				COPY_PHASE_STRIP = YES;
				GCC_C_LANGUAGE_STANDARD = gnu99;
				GCC_VERSION = com.apple.compilers.llvm.clang.1_0;
				GCC_WARN_ABOUT_MISSING_PROTOTYPES = YES;
				GCC_WARN_ABOUT_RETURN_TYPE = YES;
				GCC_WARN_UNUSED_VARIABLE = YES;
				IPHONEOS_DEPLOYMENT_TARGET = 5.0;
				OTHER_CFLAGS = "-DNS_BLOCK_ASSERTIONS=1";
				SDKROOT = iphoneos;
				VALIDATE_PRODUCT = YES;
			};
			name = Release;
		};
		3D9753BA14F944D300C7338D /* Debug */ = {
			isa = XCBuildConfiguration;
			buildSettings = {
				GCC_PRECOMPILE_PREFIX_HEADER = YES;
				GCC_PREFIX_HEADER = "AAMButtons/AAMButtons-Prefix.pch";
				INFOPLIST_FILE = "AAMButtons/AAMButtons-Info.plist";
				PRODUCT_NAME = "$(TARGET_NAME)";
				WRAPPER_EXTENSION = app;
			};
			name = Debug;
		};
		3D9753BB14F944D300C7338D /* Release */ = {
			isa = XCBuildConfiguration;
			buildSettings = {
				GCC_PRECOMPILE_PREFIX_HEADER = YES;
				GCC_PREFIX_HEADER = "AAMButtons/AAMButtons-Prefix.pch";
				INFOPLIST_FILE = "AAMButtons/AAMButtons-Info.plist";
				PRODUCT_NAME = "$(TARGET_NAME)";
				WRAPPER_EXTENSION = app;
			};
			name = Release;
		};
		3D9753BD14F944D300C7338D /* Debug */ = {
			isa = XCBuildConfiguration;
			buildSettings = {
				BUNDLE_LOADER = "$(BUILT_PRODUCTS_DIR)/AAMButtons.app/AAMButtons";
				FRAMEWORK_SEARCH_PATHS = (
					"$(SDKROOT)/Developer/Library/Frameworks",
					"$(DEVELOPER_LIBRARY_DIR)/Frameworks",
				);
				GCC_PRECOMPILE_PREFIX_HEADER = YES;
				GCC_PREFIX_HEADER = "AAMButtons/AAMButtons-Prefix.pch";
				INFOPLIST_FILE = "AAMButtonsTests/AAMButtonsTests-Info.plist";
				PRODUCT_NAME = "$(TARGET_NAME)";
				TEST_HOST = "$(BUNDLE_LOADER)";
				WRAPPER_EXTENSION = octest;
			};
			name = Debug;
		};
		3D9753BE14F944D300C7338D /* Release */ = {
			isa = XCBuildConfiguration;
			buildSettings = {
				BUNDLE_LOADER = "$(BUILT_PRODUCTS_DIR)/AAMButtons.app/AAMButtons";
				FRAMEWORK_SEARCH_PATHS = (
					"$(SDKROOT)/Developer/Library/Frameworks",
					"$(DEVELOPER_LIBRARY_DIR)/Frameworks",
				);
				GCC_PRECOMPILE_PREFIX_HEADER = YES;
				GCC_PREFIX_HEADER = "AAMButtons/AAMButtons-Prefix.pch";
				INFOPLIST_FILE = "AAMButtonsTests/AAMButtonsTests-Info.plist";
				PRODUCT_NAME = "$(TARGET_NAME)";
				TEST_HOST = "$(BUNDLE_LOADER)";
				WRAPPER_EXTENSION = octest;
			};
			name = Release;
		};
/* End XCBuildConfiguration section */

/* Begin XCConfigurationList section */
		3D97538014F944D200C7338D /* Build configuration list for PBXProject "AAMButtons" */ = {
			isa = XCConfigurationList;
			buildConfigurations = (
				3D9753B714F944D300C7338D /* Debug */,
				3D9753B814F944D300C7338D /* Release */,
			);
			defaultConfigurationIsVisible = 0;
			defaultConfigurationName = Release;
		};
		3D9753B914F944D300C7338D /* Build configuration list for PBXNativeTarget "AAMButtons" */ = {
			isa = XCConfigurationList;
			buildConfigurations = (
				3D9753BA14F944D300C7338D /* Debug */,
				3D9753BB14F944D300C7338D /* Release */,
			);
			defaultConfigurationIsVisible = 0;
			defaultConfigurationName = Release;
		};
		3D9753BC14F944D300C7338D /* Build configuration list for PBXNativeTarget "AAMButtonsTests" */ = {
			isa = XCConfigurationList;
			buildConfigurations = (
				3D9753BD14F944D300C7338D /* Debug */,
				3D9753BE14F944D300C7338D /* Release */,
			);
			defaultConfigurationIsVisible = 0;
			defaultConfigurationName = Release;
		};
/* End XCConfigurationList section */
	};
	rootObject = 3D97537D14F944D200C7338D /* Project object */;
}
